// !$*UTF8*$!
{
	archiveVersion = 1;
	classes = {
	};
	objectVersion = 46;
	objects = {

/* Begin PBXBuildFile section */
		5B9285380C018BE32D07C2C2 /* Pods_MVVM_OC.framework in Frameworks */ = {isa = PBXBuildFile; fileRef = 2986BE845768734048CBFF20 /* Pods_MVVM_OC.framework */; };
		B20BC8EF1E650025008CC469 /* HomeModel.m in Sources */ = {isa = PBXBuildFile; fileRef = B20BC8EE1E650025008CC469 /* HomeModel.m */; };
		BD1DF0881E5D2C9200FE2A20 /* HomeViewModel.m in Sources */ = {isa = PBXBuildFile; fileRef = BD1DF0871E5D2C9200FE2A20 /* HomeViewModel.m */; };
		BDB694A51E5AC93D006F9F98 /* HomeView.m in Sources */ = {isa = PBXBuildFile; fileRef = BDB694A41E5AC93D006F9F98 /* HomeView.m */; };
		BDF703631E5AC84800A300EA /* main.m in Sources */ = {isa = PBXBuildFile; fileRef = BDF703621E5AC84800A300EA /* main.m */; };
		BDF703661E5AC84800A300EA /* AppDelegate.m in Sources */ = {isa = PBXBuildFile; fileRef = BDF703651E5AC84800A300EA /* AppDelegate.m */; };
		BDF703691E5AC84800A300EA /* ViewController.m in Sources */ = {isa = PBXBuildFile; fileRef = BDF703681E5AC84800A300EA /* ViewController.m */; };
		BDF7036C1E5AC84800A300EA /* Main.storyboard in Resources */ = {isa = PBXBuildFile; fileRef = BDF7036A1E5AC84800A300EA /* Main.storyboard */; };
		BDF7036E1E5AC84800A300EA /* Assets.xcassets in Resources */ = {isa = PBXBuildFile; fileRef = BDF7036D1E5AC84800A300EA /* Assets.xcassets */; };
		BDF703711E5AC84800A300EA /* LaunchScreen.storyboard in Resources */ = {isa = PBXBuildFile; fileRef = BDF7036F1E5AC84800A300EA /* LaunchScreen.storyboard */; };
/* End PBXBuildFile section */

/* Begin PBXFileReference section */
		2986BE845768734048CBFF20 /* Pods_MVVM_OC.framework */ = {isa = PBXFileReference; explicitFileType = wrapper.framework; includeInIndex = 0; path = Pods_MVVM_OC.framework; sourceTree = BUILT_PRODUCTS_DIR; };
		3739E4AE9035E4D5485AA004 /* Pods-MVVM_OC.release.xcconfig */ = {isa = PBXFileReference; includeInIndex = 1; lastKnownFileType = text.xcconfig; name = "Pods-MVVM_OC.release.xcconfig"; path = "Pods/Target Support Files/Pods-MVVM_OC/Pods-MVVM_OC.release.xcconfig"; sourceTree = "<group>"; };
		B20BC8ED1E650025008CC469 /* HomeModel.h */ = {isa = PBXFileReference; fileEncoding = 4; lastKnownFileType = sourcecode.c.h; path = HomeModel.h; sourceTree = "<group>"; };
		B20BC8EE1E650025008CC469 /* HomeModel.m */ = {isa = PBXFileReference; fileEncoding = 4; lastKnownFileType = sourcecode.c.objc; path = HomeModel.m; sourceTree = "<group>"; };
		BD1DF0861E5D2C9200FE2A20 /* HomeViewModel.h */ = {isa = PBXFileReference; fileEncoding = 4; lastKnownFileType = sourcecode.c.h; path = HomeViewModel.h; sourceTree = "<group>"; };
		BD1DF0871E5D2C9200FE2A20 /* HomeViewModel.m */ = {isa = PBXFileReference; fileEncoding = 4; lastKnownFileType = sourcecode.c.objc; path = HomeViewModel.m; sourceTree = "<group>"; };
		BDB694A31E5AC93D006F9F98 /* HomeView.h */ = {isa = PBXFileReference; fileEncoding = 4; lastKnownFileType = sourcecode.c.h; path = HomeView.h; sourceTree = "<group>"; };
		BDB694A41E5AC93D006F9F98 /* HomeView.m */ = {isa = PBXFileReference; fileEncoding = 4; lastKnownFileType = sourcecode.c.objc; path = HomeView.m; sourceTree = "<group>"; };
		BDF7035E1E5AC84800A300EA /* MVVM_OC.app */ = {isa = PBXFileReference; explicitFileType = wrapper.application; includeInIndex = 0; path = MVVM_OC.app; sourceTree = BUILT_PRODUCTS_DIR; };
		BDF703621E5AC84800A300EA /* main.m */ = {isa = PBXFileReference; lastKnownFileType = sourcecode.c.objc; path = main.m; sourceTree = "<group>"; };
		BDF703641E5AC84800A300EA /* AppDelegate.h */ = {isa = PBXFileReference; lastKnownFileType = sourcecode.c.h; path = AppDelegate.h; sourceTree = "<group>"; };
		BDF703651E5AC84800A300EA /* AppDelegate.m */ = {isa = PBXFileReference; lastKnownFileType = sourcecode.c.objc; path = AppDelegate.m; sourceTree = "<group>"; };
		BDF703671E5AC84800A300EA /* ViewController.h */ = {isa = PBXFileReference; lastKnownFileType = sourcecode.c.h; path = ViewController.h; sourceTree = "<group>"; };
		BDF703681E5AC84800A300EA /* ViewController.m */ = {isa = PBXFileReference; lastKnownFileType = sourcecode.c.objc; path = ViewController.m; sourceTree = "<group>"; };
		BDF7036B1E5AC84800A300EA /* Base */ = {isa = PBXFileReference; lastKnownFileType = file.storyboard; name = Base; path = Base.lproj/Main.storyboard; sourceTree = "<group>"; };
		BDF7036D1E5AC84800A300EA /* Assets.xcassets */ = {isa = PBXFileReference; lastKnownFileType = folder.assetcatalog; path = Assets.xcassets; sourceTree = "<group>"; };
		BDF703701E5AC84800A300EA /* Base */ = {isa = PBXFileReference; lastKnownFileType = file.storyboard; name = Base; path = Base.lproj/LaunchScreen.storyboard; sourceTree = "<group>"; };
		BDF703721E5AC84800A300EA /* Info.plist */ = {isa = PBXFileReference; lastKnownFileType = text.plist.xml; path = Info.plist; sourceTree = "<group>"; };
		F78E004F30CAE83FF9C1ABBA /* Pods-MVVM_OC.debug.xcconfig */ = {isa = PBXFileReference; includeInIndex = 1; lastKnownFileType = text.xcconfig; name = "Pods-MVVM_OC.debug.xcconfig"; path = "Pods/Target Support Files/Pods-MVVM_OC/Pods-MVVM_OC.debug.xcconfig"; sourceTree = "<group>"; };
/* End PBXFileReference section */

/* Begin PBXFrameworksBuildPhase section */
		BDF7035B1E5AC84800A300EA /* Frameworks */ = {
			isa = PBXFrameworksBuildPhase;
			buildActionMask = 2147483647;
			files = (
				5B9285380C018BE32D07C2C2 /* Pods_MVVM_OC.framework in Frameworks */,
			);
			runOnlyForDeploymentPostprocessing = 0;
		};
/* End PBXFrameworksBuildPhase section */

/* Begin PBXGroup section */
		7ECBC54B657EA56717BF1523 /* Frameworks */ = {
			isa = PBXGroup;
			children = (
				2986BE845768734048CBFF20 /* Pods_MVVM_OC.framework */,
			);
			name = Frameworks;
			sourceTree = "<group>";
		};
		BDB6949E1E5AC8D4006F9F98 /* Home */ = {
			isa = PBXGroup;
			children = (
				BDB694A21E5AC8FB006F9F98 /* Controller */,
				BDB6949F1E5AC8E3006F9F98 /* View */,
				BDB694A01E5AC8EA006F9F98 /* ViewModel */,
				BDB694A11E5AC8F4006F9F98 /* Model */,
			);
			name = Home;
			sourceTree = "<group>";
		};
		BDB6949F1E5AC8E3006F9F98 /* View */ = {
			isa = PBXGroup;
			children = (
				BDB694A31E5AC93D006F9F98 /* HomeView.h */,
				BDB694A41E5AC93D006F9F98 /* HomeView.m */,
			);
			name = View;
			sourceTree = "<group>";
		};
		BDB694A01E5AC8EA006F9F98 /* ViewModel */ = {
			isa = PBXGroup;
			children = (
				BD1DF0861E5D2C9200FE2A20 /* HomeViewModel.h */,
				BD1DF0871E5D2C9200FE2A20 /* HomeViewModel.m */,
			);
			name = ViewModel;
			sourceTree = "<group>";
		};
		BDB694A11E5AC8F4006F9F98 /* Model */ = {
			isa = PBXGroup;
			children = (
				B20BC8ED1E650025008CC469 /* HomeModel.h */,
				B20BC8EE1E650025008CC469 /* HomeModel.m */,
			);
			name = Model;
			sourceTree = "<group>";
		};
		BDB694A21E5AC8FB006F9F98 /* Controller */ = {
			isa = PBXGroup;
			children = (
				BDF703671E5AC84800A300EA /* ViewController.h */,
				BDF703681E5AC84800A300EA /* ViewController.m */,
			);
			name = Controller;
			sourceTree = "<group>";
		};
		BDF703551E5AC84800A300EA = {
			isa = PBXGroup;
			children = (
				BDF703601E5AC84800A300EA /* MVVM_OC */,
				BDF7035F1E5AC84800A300EA /* Products */,
				E718B313CC5FA9361843D74A /* Pods */,
				7ECBC54B657EA56717BF1523 /* Frameworks */,
			);
			sourceTree = "<group>";
		};
		BDF7035F1E5AC84800A300EA /* Products */ = {
			isa = PBXGroup;
			children = (
				BDF7035E1E5AC84800A300EA /* MVVM_OC.app */,
			);
			name = Products;
			sourceTree = "<group>";
		};
		BDF703601E5AC84800A300EA /* MVVM_OC */ = {
			isa = PBXGroup;
			children = (
				BDF703641E5AC84800A300EA /* AppDelegate.h */,
				BDF703651E5AC84800A300EA /* AppDelegate.m */,
				BDB6949E1E5AC8D4006F9F98 /* Home */,
				BDF7036A1E5AC84800A300EA /* Main.storyboard */,
				BDF7036D1E5AC84800A300EA /* Assets.xcassets */,
				BDF7036F1E5AC84800A300EA /* LaunchScreen.storyboard */,
				BDF703721E5AC84800A300EA /* Info.plist */,
				BDF703611E5AC84800A300EA /* Supporting Files */,
			);
			path = MVVM_OC;
			sourceTree = "<group>";
		};
		BDF703611E5AC84800A300EA /* Supporting Files */ = {
			isa = PBXGroup;
			children = (
				BDF703621E5AC84800A300EA /* main.m */,
			);
			name = "Supporting Files";
			sourceTree = "<group>";
		};
		E718B313CC5FA9361843D74A /* Pods */ = {
			isa = PBXGroup;
			children = (
				F78E004F30CAE83FF9C1ABBA /* Pods-MVVM_OC.debug.xcconfig */,
				3739E4AE9035E4D5485AA004 /* Pods-MVVM_OC.release.xcconfig */,
			);
			name = Pods;
			sourceTree = "<group>";
		};
/* End PBXGroup section */

/* Begin PBXNativeTarget section */
		BDF7035D1E5AC84800A300EA /* MVVM_OC */ = {
			isa = PBXNativeTarget;
			buildConfigurationList = BDF703751E5AC84800A300EA /* Build configuration list for PBXNativeTarget "MVVM_OC" */;
			buildPhases = (
				2D4606469A0F2A851FE4137D /* [CP] Check Pods Manifest.lock */,
				BDF7035A1E5AC84800A300EA /* Sources */,
				BDF7035B1E5AC84800A300EA /* Frameworks */,
				BDF7035C1E5AC84800A300EA /* Resources */,
				8256074EB84B20B65DF9CBBA /* [CP] Embed Pods Frameworks */,
				5F9061BFF01DFBD57C555D89 /* [CP] Copy Pods Resources */,
			);
			buildRules = (
			);
			dependencies = (
			);
			name = MVVM_OC;
			productName = MVVM_OC;
			productReference = BDF7035E1E5AC84800A300EA /* MVVM_OC.app */;
			productType = "com.apple.product-type.application";
		};
/* End PBXNativeTarget section */

/* Begin PBXProject section */
		BDF703561E5AC84800A300EA /* Project object */ = {
			isa = PBXProject;
			attributes = {
				LastUpgradeCheck = 0820;
				ORGANIZATIONNAME = SpeedX;
				TargetAttributes = {
					BDF7035D1E5AC84800A300EA = {
						CreatedOnToolsVersion = 8.2.1;
						DevelopmentTeam = 72D439SU53;
						ProvisioningStyle = Automatic;
					};
				};
			};
			buildConfigurationList = BDF703591E5AC84800A300EA /* Build configuration list for PBXProject "MVVM_OC" */;
			compatibilityVersion = "Xcode 3.2";
			developmentRegion = English;
			hasScannedForEncodings = 0;
			knownRegions = (
				en,
				Base,
			);
			mainGroup = BDF703551E5AC84800A300EA;
			productRefGroup = BDF7035F1E5AC84800A300EA /* Products */;
			projectDirPath = "";
			projectRoot = "";
			targets = (
				BDF7035D1E5AC84800A300EA /* MVVM_OC */,
			);
		};
/* End PBXProject section */

/* Begin PBXResourcesBuildPhase section */
		BDF7035C1E5AC84800A300EA /* Resources */ = {
			isa = PBXResourcesBuildPhase;
			buildActionMask = 2147483647;
			files = (
				BDF703711E5AC84800A300EA /* LaunchScreen.storyboard in Resources */,
				BDF7036E1E5AC84800A300EA /* Assets.xcassets in Resources */,
				BDF7036C1E5AC84800A300EA /* Main.storyboard in Resources */,
			);
			runOnlyForDeploymentPostprocessing = 0;
		};
/* End PBXResourcesBuildPhase section */

/* Begin PBXShellScriptBuildPhase section */
		2D4606469A0F2A851FE4137D /* [CP] Check Pods Manifest.lock */ = {
			isa = PBXShellScriptBuildPhase;
			buildActionMask = 2147483647;
			files = (
			);
			inputPaths = (
			);
			name = "[CP] Check Pods Manifest.lock";
			outputPaths = (
			);
			runOnlyForDeploymentPostprocessing = 0;
			shellPath = /bin/sh;
			shellScript = "diff \"${PODS_ROOT}/../Podfile.lock\" \"${PODS_ROOT}/Manifest.lock\" > /dev/null\nif [[ $? != 0 ]] ; then\n    cat << EOM\nerror: The sandbox is not in sync with the Podfile.lock. Run 'pod install' or update your CocoaPods installation.\nEOM\n    exit 1\nfi\n";
			showEnvVarsInLog = 0;
		};
		5F9061BFF01DFBD57C555D89 /* [CP] Copy Pods Resources */ = {
			isa = PBXShellScriptBuildPhase;
			buildActionMask = 2147483647;
			files = (
			);
			inputPaths = (
			);
			name = "[CP] Copy Pods Resources";
			outputPaths = (
			);
			runOnlyForDeploymentPostprocessing = 0;
			shellPath = /bin/sh;
			shellScript = "\"${SRCROOT}/Pods/Target Support Files/Pods-MVVM_OC/Pods-MVVM_OC-resources.sh\"\n";
			showEnvVarsInLog = 0;
		};
		8256074EB84B20B65DF9CBBA /* [CP] Embed Pods Frameworks */ = {
			isa = PBXShellScriptBuildPhase;
			buildActionMask = 2147483647;
			files = (
			);
			inputPaths = (
			);
			name = "[CP] Embed Pods Frameworks";
			outputPaths = (
			);
			runOnlyForDeploymentPostprocessing = 0;
			shellPath = /bin/sh;
			shellScript = "\"${SRCROOT}/Pods/Target Support Files/Pods-MVVM_OC/Pods-MVVM_OC-frameworks.sh\"\n";
			showEnvVarsInLog = 0;
		};
/* End PBXShellScriptBuildPhase section */

/* Begin PBXSourcesBuildPhase section */
		BDF7035A1E5AC84800A300EA /* Sources */ = {
			isa = PBXSourcesBuildPhase;
			buildActionMask = 2147483647;
			files = (
				BDF703691E5AC84800A300EA /* ViewController.m in Sources */,
				BDB694A51E5AC93D006F9F98 /* HomeView.m in Sources */,
				B20BC8EF1E650025008CC469 /* HomeModel.m in Sources */,
				BDF703661E5AC84800A300EA /* AppDelegate.m in Sources */,
				BD1DF0881E5D2C9200FE2A20 /* HomeViewModel.m in Sources */,
				BDF703631E5AC84800A300EA /* main.m in Sources */,
			);
			runOnlyForDeploymentPostprocessing = 0;
		};
/* End PBXSourcesBuildPhase section */

/* Begin PBXVariantGroup section */
		BDF7036A1E5AC84800A300EA /* Main.storyboard */ = {
			isa = PBXVariantGroup;
			children = (
				BDF7036B1E5AC84800A300EA /* Base */,
			);
			name = Main.storyboard;
			sourceTree = "<group>";
		};
		BDF7036F1E5AC84800A300EA /* LaunchScreen.storyboard */ = {
			isa = PBXVariantGroup;
			children = (
				BDF703701E5AC84800A300EA /* Base */,
			);
			name = LaunchScreen.storyboard;
			sourceTree = "<group>";
		};
/* End PBXVariantGroup section */

/* Begin XCBuildConfiguration section */
		BDF703731E5AC84800A300EA /* Debug */ = {
			isa = XCBuildConfiguration;
			buildSettings = {
				ALWAYS_SEARCH_USER_PATHS = NO;
				CLANG_ANALYZER_NONNULL = YES;
				CLANG_CXX_LANGUAGE_STANDARD = "gnu++0x";
				CLANG_CXX_LIBRARY = "libc++";
				CLANG_ENABLE_MODULES = YES;
				CLANG_ENABLE_OBJC_ARC = YES;
				CLANG_WARN_BOOL_CONVERSION = YES;
				CLANG_WARN_CONSTANT_CONVERSION = YES;
				CLANG_WARN_DIRECT_OBJC_ISA_USAGE = YES_ERROR;
				CLANG_WARN_DOCUMENTATION_COMMENTS = YES;
				CLANG_WARN_EMPTY_BODY = YES;
				CLANG_WARN_ENUM_CONVERSION = YES;
				CLANG_WARN_INFINITE_RECURSION = YES;
				CLANG_WARN_INT_CONVERSION = YES;
				CLANG_WARN_OBJC_ROOT_CLASS = YES_ERROR;
				CLANG_WARN_SUSPICIOUS_MOVE = YES;
				CLANG_WARN_UNREACHABLE_CODE = YES;
				CLANG_WARN__DUPLICATE_METHOD_MATCH = YES;
				"CODE_SIGN_IDENTITY[sdk=iphoneos*]" = "iPhone Developer";
				COPY_PHASE_STRIP = NO;
				DEBUG_INFORMATION_FORMAT = dwarf;
				ENABLE_STRICT_OBJC_MSGSEND = YES;
				ENABLE_TESTABILITY = YES;
				GCC_C_LANGUAGE_STANDARD = gnu99;
				GCC_DYNAMIC_NO_PIC = NO;
				GCC_NO_COMMON_BLOCKS = YES;
				GCC_OPTIMIZATION_LEVEL = 0;
				GCC_PREPROCESSOR_DEFINITIONS = (
					"DEBUG=1",
					"$(inherited)",
				);
				GCC_WARN_64_TO_32_BIT_CONVERSION = YES;
				GCC_WARN_ABOUT_RETURN_TYPE = YES_ERROR;
				GCC_WARN_UNDECLARED_SELECTOR = YES;
				GCC_WARN_UNINITIALIZED_AUTOS = YES_AGGRESSIVE;
				GCC_WARN_UNUSED_FUNCTION = YES;
				GCC_WARN_UNUSED_VARIABLE = YES;
				IPHONEOS_DEPLOYMENT_TARGET = 10.2;
				MTL_ENABLE_DEBUG_INFO = YES;
				ONLY_ACTIVE_ARCH = YES;
				SDKROOT = iphoneos;
			};
			name = Debug;
		};
		BDF703741E5AC84800A300EA /* Release */ = {
			isa = XCBuildConfiguration;
			buildSettings = {
				ALWAYS_SEARCH_USER_PATHS = NO;
				CLANG_ANALYZER_NONNULL = YES;
				CLANG_CXX_LANGUAGE_STANDARD = "gnu++0x";
				CLANG_CXX_LIBRARY = "libc++";
				CLANG_ENABLE_MODULES = YES;
				CLANG_ENABLE_OBJC_ARC = YES;
				CLANG_WARN_BOOL_CONVERSION = YES;
				CLANG_WARN_CONSTANT_CONVERSION = YES;
				CLANG_WARN_DIRECT_OBJC_ISA_USAGE = YES_ERROR;
				CLANG_WARN_DOCUMENTATION_COMMENTS = YES;
				CLANG_WARN_EMPTY_BODY = YES;
				CLANG_WARN_ENUM_CONVERSION = YES;
				CLANG_WARN_INFINITE_RECURSION = YES;
				CLANG_WARN_INT_CONVERSION = YES;
				CLANG_WARN_OBJC_ROOT_CLASS = YES_ERROR;
				CLANG_WARN_SUSPICIOUS_MOVE = YES;
				CLANG_WARN_UNREACHABLE_CODE = YES;
				CLANG_WARN__DUPLICATE_METHOD_MATCH = YES;
				"CODE_SIGN_IDENTITY[sdk=iphoneos*]" = "iPhone Developer";
				COPY_PHASE_STRIP = NO;
				DEBUG_INFORMATION_FORMAT = "dwarf-with-dsym";
				ENABLE_NS_ASSERTIONS = NO;
				ENABLE_STRICT_OBJC_MSGSEND = YES;
				GCC_C_LANGUAGE_STANDARD = gnu99;
				GCC_NO_COMMON_BLOCKS = YES;
				GCC_WARN_64_TO_32_BIT_CONVERSION = YES;
				GCC_WARN_ABOUT_RETURN_TYPE = YES_ERROR;
				GCC_WARN_UNDECLARED_SELECTOR = YES;
				GCC_WARN_UNINITIALIZED_AUTOS = YES_AGGRESSIVE;
				GCC_WARN_UNUSED_FUNCTION = YES;
				GCC_WARN_UNUSED_VARIABLE = YES;
				IPHONEOS_DEPLOYMENT_TARGET = 10.2;
				MTL_ENABLE_DEBUG_INFO = NO;
				SDKROOT = iphoneos;
				VALIDATE_PRODUCT = YES;
			};
			name = Release;
		};
		BDF703761E5AC84800A300EA /* Debug */ = {
			isa = XCBuildConfiguration;
			baseConfigurationReference = F78E004F30CAE83FF9C1ABBA /* Pods-MVVM_OC.debug.xcconfig */;
			buildSettings = {
				ASSETCATALOG_COMPILER_APPICON_NAME = AppIcon;
				DEVELOPMENT_TEAM = 72D439SU53;
				INFOPLIST_FILE = MVVM_OC/Info.plist;
				LD_RUNPATH_SEARCH_PATHS = "$(inherited) @executable_path/Frameworks";
				PRODUCT_BUNDLE_IDENTIFIER = "com.SpeedX.MVVM-OC";
				PRODUCT_NAME = "$(TARGET_NAME)";
			};
			name = Debug;
		};
		BDF703771E5AC84800A300EA /* Release */ = {
			isa = XCBuildConfiguration;
			baseConfigurationReference = 3739E4AE9035E4D5485AA004 /* Pods-MVVM_OC.release.xcconfig */;
			buildSettings = {
				ASSETCATALOG_COMPILER_APPICON_NAME = AppIcon;
				DEVELOPMENT_TEAM = 72D439SU53;
				INFOPLIST_FILE = MVVM_OC/Info.plist;
				LD_RUNPATH_SEARCH_PATHS = "$(inherited) @executable_path/Frameworks";
				PRODUCT_BUNDLE_IDENTIFIER = "com.SpeedX.MVVM-OC";
				PRODUCT_NAME = "$(TARGET_NAME)";
			};
			name = Release;
		};
/* End XCBuildConfiguration section */

/* Begin XCConfigurationList section */
		BDF703591E5AC84800A300EA /* Build configuration list for PBXProject "MVVM_OC" */ = {
			isa = XCConfigurationList;
			buildConfigurations = (
				BDF703731E5AC84800A300EA /* Debug */,
				BDF703741E5AC84800A300EA /* Release */,
			);
			defaultConfigurationIsVisible = 0;
			defaultConfigurationName = Release;
		};
		BDF703751E5AC84800A300EA /* Build configuration list for PBXNativeTarget "MVVM_OC" */ = {
			isa = XCConfigurationList;
			buildConfigurations = (
				BDF703761E5AC84800A300EA /* Debug */,
				BDF703771E5AC84800A300EA /* Release */,
			);
			defaultConfigurationIsVisible = 0;
			defaultConfigurationName = Release;
		};
/* End XCConfigurationList section */
	};
	rootObject = BDF703561E5AC84800A300EA /* Project object */;
}
